
Microsoft Visual Studio Solution File, Format Version 12.00
# Visual Studio Version 16
VisualStudioVersion = 16.0.31702.278
MinimumVisualStudioVersion = 10.0.40219.1
Project("{FAE04EC0-301F-11D3-BF4B-00C04F79EFBC}") = "IS-2-19-AgeevFO", "IS-2-19-AgeevFO\IS-2-19-AgeevFO.csproj", "{66984BF8-375A-4E6C-9551-53537237852D}"
EndProject
Project("{9A19103F-16F7-4668-BE54-9A1E7A4F7556}") = "ConnectDB", "..\ClassLibrary3\ClassLibrary3\ConnectDB.csproj", "{C1A474C3-C459-47E9-A436-473AC892B37C}"
EndProject
Project("{FAE04EC0-301F-11D3-BF4B-00C04F79EFBC}") = "ClassLibrary6", "ClassLibrary6\ClassLibrary6.csproj", "{22F54A53-85B2-4773-B319-E102F50A5D5D}"
EndProject
Global
	GlobalSection(SolutionConfigurationPlatforms) = preSolution
		Debug|Any CPU = Debug|Any CPU
		Release|Any CPU = Release|Any CPU
	EndGlobalSection
	GlobalSection(ProjectConfigurationPlatforms) = postSolution
		{66984BF8-375A-4E6C-9551-53537237852D}.Debug|Any CPU.ActiveCfg = Debug|Any CPU
		{66984BF8-375A-4E6C-9551-53537237852D}.Debug|Any CPU.Build.0 = Debug|Any CPU
		{66984BF8-375A-4E6C-9551-53537237852D}.Release|Any CPU.ActiveCfg = Release|Any CPU
		{66984BF8-375A-4E6C-9551-53537237852D}.Release|Any CPU.Build.0 = Release|Any CPU
		{C1A474C3-C459-47E9-A436-473AC892B37C}.Debug|Any CPU.ActiveCfg = Debug|Any CPU
		{C1A474C3-C459-47E9-A436-473AC892B37C}.Debug|Any CPU.Build.0 = Debug|Any CPU
		{C1A474C3-C459-47E9-A436-473AC892B37C}.Release|Any CPU.ActiveCfg = Release|Any CPU
		{C1A474C3-C459-47E9-A436-473AC892B37C}.Release|Any CPU.Build.0 = Release|Any CPU
		{22F54A53-85B2-4773-B319-E102F50A5D5D}.Debug|Any CPU.ActiveCfg = Debug|Any CPU
		{22F54A53-85B2-4773-B319-E102F50A5D5D}.Debug|Any CPU.Build.0 = Debug|Any CPU
		{22F54A53-85B2-4773-B319-E102F50A5D5D}.Release|Any CPU.ActiveCfg = Release|Any CPU
		{22F54A53-85B2-4773-B319-E102F50A5D5D}.Release|Any CPU.Build.0 = Release|Any CPU
	EndGlobalSection
	GlobalSection(SolutionProperties) = preSolution
		HideSolutionNode = FALSE
	EndGlobalSection
	GlobalSection(ExtensibilityGlobals) = postSolution
		SolutionGuid = {2F174C0B-6BFB-4136-9899-FD57231B14ED}
	EndGlobalSection
EndGlobal
